// !$*UTF8*$!
{
	archiveVersion = 1;
	classes = {
	};
	objectVersion = 56;
	objects = {

/* Begin PBXBuildFile section */
		A56216F62C9CACDB008D2FFA /* FoodDisplayTV.swift in Sources */ = {isa = PBXBuildFile; fileRef = A56216F52C9CACDB008D2FFA /* FoodDisplayTV.swift */; };
		A56216F82C9CAE26008D2FFA /* FoodDisplayTVC.swift in Sources */ = {isa = PBXBuildFile; fileRef = A56216F72C9CAE26008D2FFA /* FoodDisplayTVC.swift */; };
		A56216FA2C9D129B008D2FFA /* FoodDetailViewController.swift in Sources */ = {isa = PBXBuildFile; fileRef = A56216F92C9D129A008D2FFA /* FoodDetailViewController.swift */; };
		A56FBC772C9E21C700F6FFAA /* CartViewController.swift in Sources */ = {isa = PBXBuildFile; fileRef = A56FBC762C9E21C700F6FFAA /* CartViewController.swift */; };
		A56FBC792CA0E5C300F6FFAA /* CartViewTVC.swift in Sources */ = {isa = PBXBuildFile; fileRef = A56FBC782CA0E5C300F6FFAA /* CartViewTVC.swift */; };
		A56FBD102CA3737400F6FFAA /* ConfirmViewController.swift in Sources */ = {isa = PBXBuildFile; fileRef = A56FBD0F2CA3737400F6FFAA /* ConfirmViewController.swift */; };
		A57D73352C9C451100852295 /* FoodGroupTVC.swift in Sources */ = {isa = PBXBuildFile; fileRef = A57D73342C9C451100852295 /* FoodGroupTVC.swift */; };
		A57D73852C9C836C00852295 /* Kingfisher in Frameworks */ = {isa = PBXBuildFile; productRef = A57D73842C9C836C00852295 /* Kingfisher */; };
		A5D3A4BB2C9B5A9E00421592 /* AppDelegate.swift in Sources */ = {isa = PBXBuildFile; fileRef = A5D3A4BA2C9B5A9E00421592 /* AppDelegate.swift */; };
		A5D3A4BD2C9B5A9E00421592 /* SceneDelegate.swift in Sources */ = {isa = PBXBuildFile; fileRef = A5D3A4BC2C9B5A9E00421592 /* SceneDelegate.swift */; };
		A5D3A4BF2C9B5A9E00421592 /* ViewController.swift in Sources */ = {isa = PBXBuildFile; fileRef = A5D3A4BE2C9B5A9E00421592 /* ViewController.swift */; };
		A5D3A4C22C9B5A9E00421592 /* Base in Resources */ = {isa = PBXBuildFile; fileRef = A5D3A4C12C9B5A9E00421592 /* Base */; };
		A5D3A4C42C9B5AA000421592 /* Assets.xcassets in Resources */ = {isa = PBXBuildFile; fileRef = A5D3A4C32C9B5AA000421592 /* Assets.xcassets */; };
		A5D3A4C72C9B5AA000421592 /* Base in Resources */ = {isa = PBXBuildFile; fileRef = A5D3A4C62C9B5AA000421592 /* Base */; };
		A5D3A4D22C9B5AA000421592 /* SaideepFoodAppTests.swift in Sources */ = {isa = PBXBuildFile; fileRef = A5D3A4D12C9B5AA000421592 /* SaideepFoodAppTests.swift */; };
		A5D3A4DC2C9B5AA000421592 /* SaideepFoodAppUITests.swift in Sources */ = {isa = PBXBuildFile; fileRef = A5D3A4DB2C9B5AA000421592 /* SaideepFoodAppUITests.swift */; };
		A5D3A4DE2C9B5AA000421592 /* SaideepFoodAppUITestsLaunchTests.swift in Sources */ = {isa = PBXBuildFile; fileRef = A5D3A4DD2C9B5AA000421592 /* SaideepFoodAppUITestsLaunchTests.swift */; };
		A5D3A4F22C9B635B00421592 /* SplashScreen.storyboard in Resources */ = {isa = PBXBuildFile; fileRef = A5D3A4F12C9B635B00421592 /* SplashScreen.storyboard */; };
		A5D3A4F42C9B674B00421592 /* SignInViewController.swift in Sources */ = {isa = PBXBuildFile; fileRef = A5D3A4F32C9B674B00421592 /* SignInViewController.swift */; };
		A5D3A4F62C9B707500421592 /* UserDetails.swift in Sources */ = {isa = PBXBuildFile; fileRef = A5D3A4F52C9B707500421592 /* UserDetails.swift */; };
		A5D3A4F82C9B72A500421592 /* SignInViewModel.swift in Sources */ = {isa = PBXBuildFile; fileRef = A5D3A4F72C9B72A500421592 /* SignInViewModel.swift */; };
		A5D3A4FB2C9B760C00421592 /* FoodMenu.swift in Sources */ = {isa = PBXBuildFile; fileRef = A5D3A4FA2C9B760C00421592 /* FoodMenu.swift */; };
		A5D3A4FD2C9B773400421592 /* FoodAPI.swift in Sources */ = {isa = PBXBuildFile; fileRef = A5D3A4FC2C9B773400421592 /* FoodAPI.swift */; };
		A5D3A5012C9B78AB00421592 /* FoodViewModel.swift in Sources */ = {isa = PBXBuildFile; fileRef = A5D3A5002C9B78AB00421592 /* FoodViewModel.swift */; };
		A5D3A5042C9B78CD00421592 /* FoodViewController.swift in Sources */ = {isa = PBXBuildFile; fileRef = A5D3A5032C9B78CD00421592 /* FoodViewController.swift */; };
		A5D3A5072C9B79D300421592 /* Constants.swift in Sources */ = {isa = PBXBuildFile; fileRef = A5D3A5062C9B79D300421592 /* Constants.swift */; };
/* End PBXBuildFile section */

/* Begin PBXContainerItemProxy section */
		A5D3A4CE2C9B5AA000421592 /* PBXContainerItemProxy */ = {
			isa = PBXContainerItemProxy;
			containerPortal = A5D3A4AF2C9B5A9E00421592 /* Project object */;
			proxyType = 1;
			remoteGlobalIDString = A5D3A4B62C9B5A9E00421592;
			remoteInfo = SaideepFoodApp;
		};
		A5D3A4D82C9B5AA000421592 /* PBXContainerItemProxy */ = {
			isa = PBXContainerItemProxy;
			containerPortal = A5D3A4AF2C9B5A9E00421592 /* Project object */;
			proxyType = 1;
			remoteGlobalIDString = A5D3A4B62C9B5A9E00421592;
			remoteInfo = SaideepFoodApp;
		};
/* End PBXContainerItemProxy section */

/* Begin PBXFileReference section */
		A56216F52C9CACDB008D2FFA /* FoodDisplayTV.swift */ = {isa = PBXFileReference; lastKnownFileType = sourcecode.swift; path = FoodDisplayTV.swift; sourceTree = "<group>"; };
		A56216F72C9CAE26008D2FFA /* FoodDisplayTVC.swift */ = {isa = PBXFileReference; lastKnownFileType = sourcecode.swift; path = FoodDisplayTVC.swift; sourceTree = "<group>"; };
		A56216F92C9D129A008D2FFA /* FoodDetailViewController.swift */ = {isa = PBXFileReference; lastKnownFileType = sourcecode.swift; path = FoodDetailViewController.swift; sourceTree = "<group>"; };
		A56FBC762C9E21C700F6FFAA /* CartViewController.swift */ = {isa = PBXFileReference; lastKnownFileType = sourcecode.swift; path = CartViewController.swift; sourceTree = "<group>"; };
		A56FBC782CA0E5C300F6FFAA /* CartViewTVC.swift */ = {isa = PBXFileReference; lastKnownFileType = sourcecode.swift; path = CartViewTVC.swift; sourceTree = "<group>"; };
		A56FBD0F2CA3737400F6FFAA /* ConfirmViewController.swift */ = {isa = PBXFileReference; lastKnownFileType = sourcecode.swift; path = ConfirmViewController.swift; sourceTree = "<group>"; };
		A57D73342C9C451100852295 /* FoodGroupTVC.swift */ = {isa = PBXFileReference; lastKnownFileType = sourcecode.swift; path = FoodGroupTVC.swift; sourceTree = "<group>"; };
		A5D3A4B72C9B5A9E00421592 /* SaideepFoodApp.app */ = {isa = PBXFileReference; explicitFileType = wrapper.application; includeInIndex = 0; path = SaideepFoodApp.app; sourceTree = BUILT_PRODUCTS_DIR; };
		A5D3A4BA2C9B5A9E00421592 /* AppDelegate.swift */ = {isa = PBXFileReference; lastKnownFileType = sourcecode.swift; path = AppDelegate.swift; sourceTree = "<group>"; };
		A5D3A4BC2C9B5A9E00421592 /* SceneDelegate.swift */ = {isa = PBXFileReference; lastKnownFileType = sourcecode.swift; path = SceneDelegate.swift; sourceTree = "<group>"; };
		A5D3A4BE2C9B5A9E00421592 /* ViewController.swift */ = {isa = PBXFileReference; lastKnownFileType = sourcecode.swift; path = ViewController.swift; sourceTree = "<group>"; };
		A5D3A4C12C9B5A9E00421592 /* Base */ = {isa = PBXFileReference; lastKnownFileType = file.storyboard; name = Base; path = Base.lproj/Main.storyboard; sourceTree = "<group>"; };
		A5D3A4C32C9B5AA000421592 /* Assets.xcassets */ = {isa = PBXFileReference; lastKnownFileType = folder.assetcatalog; path = Assets.xcassets; sourceTree = "<group>"; };
		A5D3A4C62C9B5AA000421592 /* Base */ = {isa = PBXFileReference; lastKnownFileType = file.storyboard; name = Base; path = Base.lproj/LaunchScreen.storyboard; sourceTree = "<group>"; };
		A5D3A4C82C9B5AA000421592 /* Info.plist */ = {isa = PBXFileReference; lastKnownFileType = text.plist.xml; path = Info.plist; sourceTree = "<group>"; };
		A5D3A4CD2C9B5AA000421592 /* SaideepFoodAppTests.xctest */ = {isa = PBXFileReference; explicitFileType = wrapper.cfbundle; includeInIndex = 0; path = SaideepFoodAppTests.xctest; sourceTree = BUILT_PRODUCTS_DIR; };
		A5D3A4D12C9B5AA000421592 /* SaideepFoodAppTests.swift */ = {isa = PBXFileReference; lastKnownFileType = sourcecode.swift; path = SaideepFoodAppTests.swift; sourceTree = "<group>"; };
		A5D3A4D72C9B5AA000421592 /* SaideepFoodAppUITests.xctest */ = {isa = PBXFileReference; explicitFileType = wrapper.cfbundle; includeInIndex = 0; path = SaideepFoodAppUITests.xctest; sourceTree = BUILT_PRODUCTS_DIR; };
		A5D3A4DB2C9B5AA000421592 /* SaideepFoodAppUITests.swift */ = {isa = PBXFileReference; lastKnownFileType = sourcecode.swift; path = SaideepFoodAppUITests.swift; sourceTree = "<group>"; };
		A5D3A4DD2C9B5AA000421592 /* SaideepFoodAppUITestsLaunchTests.swift */ = {isa = PBXFileReference; lastKnownFileType = sourcecode.swift; path = SaideepFoodAppUITestsLaunchTests.swift; sourceTree = "<group>"; };
		A5D3A4F12C9B635B00421592 /* SplashScreen.storyboard */ = {isa = PBXFileReference; lastKnownFileType = file.storyboard; path = SplashScreen.storyboard; sourceTree = "<group>"; };
		A5D3A4F32C9B674B00421592 /* SignInViewController.swift */ = {isa = PBXFileReference; lastKnownFileType = sourcecode.swift; path = SignInViewController.swift; sourceTree = "<group>"; };
		A5D3A4F52C9B707500421592 /* UserDetails.swift */ = {isa = PBXFileReference; lastKnownFileType = sourcecode.swift; path = UserDetails.swift; sourceTree = "<group>"; };
		A5D3A4F72C9B72A500421592 /* SignInViewModel.swift */ = {isa = PBXFileReference; lastKnownFileType = sourcecode.swift; path = SignInViewModel.swift; sourceTree = "<group>"; };
		A5D3A4FA2C9B760C00421592 /* FoodMenu.swift */ = {isa = PBXFileReference; lastKnownFileType = sourcecode.swift; path = FoodMenu.swift; sourceTree = "<group>"; };
		A5D3A4FC2C9B773400421592 /* FoodAPI.swift */ = {isa = PBXFileReference; lastKnownFileType = sourcecode.swift; path = FoodAPI.swift; sourceTree = "<group>"; };
		A5D3A5002C9B78AB00421592 /* FoodViewModel.swift */ = {isa = PBXFileReference; lastKnownFileType = sourcecode.swift; path = FoodViewModel.swift; sourceTree = "<group>"; };
		A5D3A5032C9B78CD00421592 /* FoodViewController.swift */ = {isa = PBXFileReference; lastKnownFileType = sourcecode.swift; path = FoodViewController.swift; sourceTree = "<group>"; };
		A5D3A5062C9B79D300421592 /* Constants.swift */ = {isa = PBXFileReference; lastKnownFileType = sourcecode.swift; path = Constants.swift; sourceTree = "<group>"; };
/* End PBXFileReference section */

/* Begin PBXFrameworksBuildPhase section */
		A5D3A4B42C9B5A9E00421592 /* Frameworks */ = {
			isa = PBXFrameworksBuildPhase;
			buildActionMask = 2147483647;
			files = (
				A57D73852C9C836C00852295 /* Kingfisher in Frameworks */,
			);
			runOnlyForDeploymentPostprocessing = 0;
		};
		A5D3A4CA2C9B5AA000421592 /* Frameworks */ = {
			isa = PBXFrameworksBuildPhase;
			buildActionMask = 2147483647;
			files = (
			);
			runOnlyForDeploymentPostprocessing = 0;
		};
		A5D3A4D42C9B5AA000421592 /* Frameworks */ = {
			isa = PBXFrameworksBuildPhase;
			buildActionMask = 2147483647;
			files = (
			);
			runOnlyForDeploymentPostprocessing = 0;
		};
/* End PBXFrameworksBuildPhase section */

/* Begin PBXGroup section */
		A57D73332C9C448900852295 /* Cell */ = {
			isa = PBXGroup;
			children = (
				A57D73342C9C451100852295 /* FoodGroupTVC.swift */,
				A56216F72C9CAE26008D2FFA /* FoodDisplayTVC.swift */,
				A56FBC782CA0E5C300F6FFAA /* CartViewTVC.swift */,
			);
			path = Cell;
			sourceTree = "<group>";
		};
		A57D73832C9C836C00852295 /* Frameworks */ = {
			isa = PBXGroup;
			children = (
			);
			name = Frameworks;
			sourceTree = "<group>";
		};
		A5D3A4AE2C9B5A9E00421592 = {
			isa = PBXGroup;
			children = (
				A5D3A4B92C9B5A9E00421592 /* SaideepFoodApp */,
				A5D3A4D02C9B5AA000421592 /* SaideepFoodAppTests */,
				A5D3A4DA2C9B5AA000421592 /* SaideepFoodAppUITests */,
				A5D3A4B82C9B5A9E00421592 /* Products */,
				A57D73832C9C836C00852295 /* Frameworks */,
			);
			sourceTree = "<group>";
		};
		A5D3A4B82C9B5A9E00421592 /* Products */ = {
			isa = PBXGroup;
			children = (
				A5D3A4B72C9B5A9E00421592 /* SaideepFoodApp.app */,
				A5D3A4CD2C9B5AA000421592 /* SaideepFoodAppTests.xctest */,
				A5D3A4D72C9B5AA000421592 /* SaideepFoodAppUITests.xctest */,
			);
			name = Products;
			sourceTree = "<group>";
		};
		A5D3A4B92C9B5A9E00421592 /* SaideepFoodApp */ = {
			isa = PBXGroup;
			children = (
				A5D3A4BA2C9B5A9E00421592 /* AppDelegate.swift */,
				A5D3A4BC2C9B5A9E00421592 /* SceneDelegate.swift */,
				A5D3A5052C9B79C100421592 /* Constants */,
				A5D3A4FE2C9B786E00421592 /* FoodRequest */,
				A5D3A4EE2C9B5E7900421592 /* DataModels */,
				A5D3A4ED2C9B5CCD00421592 /* SignIn */,
				A5D3A4F92C9B72B100421592 /* Services */,
				A5D3A4BE2C9B5A9E00421592 /* ViewController.swift */,
				A5D3A4C02C9B5A9E00421592 /* Main.storyboard */,
				A5D3A4F12C9B635B00421592 /* SplashScreen.storyboard */,
				A5D3A4C52C9B5AA000421592 /* LaunchScreen.storyboard */,
				A5D3A4C32C9B5AA000421592 /* Assets.xcassets */,
				A5D3A4C82C9B5AA000421592 /* Info.plist */,
			);
			path = SaideepFoodApp;
			sourceTree = "<group>";
		};
		A5D3A4D02C9B5AA000421592 /* SaideepFoodAppTests */ = {
			isa = PBXGroup;
			children = (
				A5D3A4D12C9B5AA000421592 /* SaideepFoodAppTests.swift */,
			);
			path = SaideepFoodAppTests;
			sourceTree = "<group>";
		};
		A5D3A4DA2C9B5AA000421592 /* SaideepFoodAppUITests */ = {
			isa = PBXGroup;
			children = (
				A5D3A4DB2C9B5AA000421592 /* SaideepFoodAppUITests.swift */,
				A5D3A4DD2C9B5AA000421592 /* SaideepFoodAppUITestsLaunchTests.swift */,
			);
			path = SaideepFoodAppUITests;
			sourceTree = "<group>";
		};
		A5D3A4ED2C9B5CCD00421592 /* SignIn */ = {
			isa = PBXGroup;
			children = (
				A5D3A4F32C9B674B00421592 /* SignInViewController.swift */,
				A5D3A4F72C9B72A500421592 /* SignInViewModel.swift */,
			);
			path = SignIn;
			sourceTree = "<group>";
		};
		A5D3A4EE2C9B5E7900421592 /* DataModels */ = {
			isa = PBXGroup;
			children = (
				A5D3A4F52C9B707500421592 /* UserDetails.swift */,
				A5D3A4FA2C9B760C00421592 /* FoodMenu.swift */,
			);
			path = DataModels;
			sourceTree = "<group>";
		};
		A5D3A4F92C9B72B100421592 /* Services */ = {
			isa = PBXGroup;
			children = (
				A5D3A4FC2C9B773400421592 /* FoodAPI.swift */,
			);
			path = Services;
			sourceTree = "<group>";
		};
		A5D3A4FE2C9B786E00421592 /* FoodRequest */ = {
			isa = PBXGroup;
			children = (
				A5D3A5022C9B78B200421592 /* FoodViewController */,
				A5D3A4FF2C9B788F00421592 /* FoodViewModel */,
			);
			path = FoodRequest;
			sourceTree = "<group>";
		};
		A5D3A4FF2C9B788F00421592 /* FoodViewModel */ = {
			isa = PBXGroup;
			children = (
				A5D3A5002C9B78AB00421592 /* FoodViewModel.swift */,
			);
			path = FoodViewModel;
			sourceTree = "<group>";
		};
		A5D3A5022C9B78B200421592 /* FoodViewController */ = {
			isa = PBXGroup;
			children = (
				A57D73332C9C448900852295 /* Cell */,
				A5D3A5032C9B78CD00421592 /* FoodViewController.swift */,
				A56216F52C9CACDB008D2FFA /* FoodDisplayTV.swift */,
				A56216F92C9D129A008D2FFA /* FoodDetailViewController.swift */,
				A56FBC762C9E21C700F6FFAA /* CartViewController.swift */,
				A56FBD0F2CA3737400F6FFAA /* ConfirmViewController.swift */,
			);
			path = FoodViewController;
			sourceTree = "<group>";
		};
		A5D3A5052C9B79C100421592 /* Constants */ = {
			isa = PBXGroup;
			children = (
				A5D3A5062C9B79D300421592 /* Constants.swift */,
			);
			path = Constants;
			sourceTree = "<group>";
		};
/* End PBXGroup section */

/* Begin PBXNativeTarget section */
		A5D3A4B62C9B5A9E00421592 /* SaideepFoodApp */ = {
			isa = PBXNativeTarget;
			buildConfigurationList = A5D3A4E12C9B5AA000421592 /* Build configuration list for PBXNativeTarget "SaideepFoodApp" */;
			buildPhases = (
				A5D3A4B32C9B5A9E00421592 /* Sources */,
				A5D3A4B42C9B5A9E00421592 /* Frameworks */,
				A5D3A4B52C9B5A9E00421592 /* Resources */,
			);
			buildRules = (
			);
			dependencies = (
			);
			name = SaideepFoodApp;
			packageProductDependencies = (
				A57D73842C9C836C00852295 /* Kingfisher */,
			);
			productName = SaideepFoodApp;
			productReference = A5D3A4B72C9B5A9E00421592 /* SaideepFoodApp.app */;
			productType = "com.apple.product-type.application";
		};
		A5D3A4CC2C9B5AA000421592 /* SaideepFoodAppTests */ = {
			isa = PBXNativeTarget;
			buildConfigurationList = A5D3A4E42C9B5AA000421592 /* Build configuration list for PBXNativeTarget "SaideepFoodAppTests" */;
			buildPhases = (
				A5D3A4C92C9B5AA000421592 /* Sources */,
				A5D3A4CA2C9B5AA000421592 /* Frameworks */,
				A5D3A4CB2C9B5AA000421592 /* Resources */,
			);
			buildRules = (
			);
			dependencies = (
				A5D3A4CF2C9B5AA000421592 /* PBXTargetDependency */,
			);
			name = SaideepFoodAppTests;
			productName = SaideepFoodAppTests;
			productReference = A5D3A4CD2C9B5AA000421592 /* SaideepFoodAppTests.xctest */;
			productType = "com.apple.product-type.bundle.unit-test";
		};
		A5D3A4D62C9B5AA000421592 /* SaideepFoodAppUITests */ = {
			isa = PBXNativeTarget;
			buildConfigurationList = A5D3A4E72C9B5AA000421592 /* Build configuration list for PBXNativeTarget "SaideepFoodAppUITests" */;
			buildPhases = (
				A5D3A4D32C9B5AA000421592 /* Sources */,
				A5D3A4D42C9B5AA000421592 /* Frameworks */,
				A5D3A4D52C9B5AA000421592 /* Resources */,
			);
			buildRules = (
			);
			dependencies = (
				A5D3A4D92C9B5AA000421592 /* PBXTargetDependency */,
			);
			name = SaideepFoodAppUITests;
			productName = SaideepFoodAppUITests;
			productReference = A5D3A4D72C9B5AA000421592 /* SaideepFoodAppUITests.xctest */;
			productType = "com.apple.product-type.bundle.ui-testing";
		};
/* End PBXNativeTarget section */

/* Begin PBXProject section */
		A5D3A4AF2C9B5A9E00421592 /* Project object */ = {
			isa = PBXProject;
			attributes = {
				BuildIndependentTargetsInParallel = 1;
				LastSwiftUpdateCheck = 1540;
				LastUpgradeCheck = 1540;
				TargetAttributes = {
					A5D3A4B62C9B5A9E00421592 = {
						CreatedOnToolsVersion = 15.4;
					};
					A5D3A4CC2C9B5AA000421592 = {
						CreatedOnToolsVersion = 15.4;
						TestTargetID = A5D3A4B62C9B5A9E00421592;
					};
					A5D3A4D62C9B5AA000421592 = {
						CreatedOnToolsVersion = 15.4;
						TestTargetID = A5D3A4B62C9B5A9E00421592;
					};
				};
			};
			buildConfigurationList = A5D3A4B22C9B5A9E00421592 /* Build configuration list for PBXProject "SaideepFoodApp" */;
			compatibilityVersion = "Xcode 14.0";
			developmentRegion = en;
			hasScannedForEncodings = 0;
			knownRegions = (
				en,
				Base,
			);
			mainGroup = A5D3A4AE2C9B5A9E00421592;
			packageReferences = (
				A57D73822C9C834C00852295 /* XCRemoteSwiftPackageReference "Kingfisher" */,
			);
			productRefGroup = A5D3A4B82C9B5A9E00421592 /* Products */;
			projectDirPath = "";
			projectRoot = "";
			targets = (
				A5D3A4B62C9B5A9E00421592 /* SaideepFoodApp */,
				A5D3A4CC2C9B5AA000421592 /* SaideepFoodAppTests */,
				A5D3A4D62C9B5AA000421592 /* SaideepFoodAppUITests */,
			);
		};
/* End PBXProject section */

/* Begin PBXResourcesBuildPhase section */
		A5D3A4B52C9B5A9E00421592 /* Resources */ = {
			isa = PBXResourcesBuildPhase;
			buildActionMask = 2147483647;
			files = (
				A5D3A4C42C9B5AA000421592 /* Assets.xcassets in Resources */,
				A5D3A4F22C9B635B00421592 /* SplashScreen.storyboard in Resources */,
				A5D3A4C72C9B5AA000421592 /* Base in Resources */,
				A5D3A4C22C9B5A9E00421592 /* Base in Resources */,
			);
			runOnlyForDeploymentPostprocessing = 0;
		};
		A5D3A4CB2C9B5AA000421592 /* Resources */ = {
			isa = PBXResourcesBuildPhase;
			buildActionMask = 2147483647;
			files = (
			);
			runOnlyForDeploymentPostprocessing = 0;
		};
		A5D3A4D52C9B5AA000421592 /* Resources */ = {
			isa = PBXResourcesBuildPhase;
			buildActionMask = 2147483647;
			files = (
			);
			runOnlyForDeploymentPostprocessing = 0;
		};
/* End PBXResourcesBuildPhase section */

/* Begin PBXSourcesBuildPhase section */
		A5D3A4B32C9B5A9E00421592 /* Sources */ = {
			isa = PBXSourcesBuildPhase;
			buildActionMask = 2147483647;
			files = (
				A56216F62C9CACDB008D2FFA /* FoodDisplayTV.swift in Sources */,
				A5D3A4F42C9B674B00421592 /* SignInViewController.swift in Sources */,
				A5D3A5072C9B79D300421592 /* Constants.swift in Sources */,
				A56216FA2C9D129B008D2FFA /* FoodDetailViewController.swift in Sources */,
				A56FBC792CA0E5C300F6FFAA /* CartViewTVC.swift in Sources */,
				A5D3A4BF2C9B5A9E00421592 /* ViewController.swift in Sources */,
				A56216F82C9CAE26008D2FFA /* FoodDisplayTVC.swift in Sources */,
				A5D3A4FD2C9B773400421592 /* FoodAPI.swift in Sources */,
				A5D3A4F82C9B72A500421592 /* SignInViewModel.swift in Sources */,
				A56FBD102CA3737400F6FFAA /* ConfirmViewController.swift in Sources */,
				A5D3A4BB2C9B5A9E00421592 /* AppDelegate.swift in Sources */,
				A5D3A5012C9B78AB00421592 /* FoodViewModel.swift in Sources */,
				A57D73352C9C451100852295 /* FoodGroupTVC.swift in Sources */,
				A5D3A5042C9B78CD00421592 /* FoodViewController.swift in Sources */,
				A56FBC772C9E21C700F6FFAA /* CartViewController.swift in Sources */,
				A5D3A4FB2C9B760C00421592 /* FoodMenu.swift in Sources */,
				A5D3A4BD2C9B5A9E00421592 /* SceneDelegate.swift in Sources */,
				A5D3A4F62C9B707500421592 /* UserDetails.swift in Sources */,
			);
			runOnlyForDeploymentPostprocessing = 0;
		};
		A5D3A4C92C9B5AA000421592 /* Sources */ = {
			isa = PBXSourcesBuildPhase;
			buildActionMask = 2147483647;
			files = (
				A5D3A4D22C9B5AA000421592 /* SaideepFoodAppTests.swift in Sources */,
			);
			runOnlyForDeploymentPostprocessing = 0;
		};
		A5D3A4D32C9B5AA000421592 /* Sources */ = {
			isa = PBXSourcesBuildPhase;
			buildActionMask = 2147483647;
			files = (
				A5D3A4DE2C9B5AA000421592 /* SaideepFoodAppUITestsLaunchTests.swift in Sources */,
				A5D3A4DC2C9B5AA000421592 /* SaideepFoodAppUITests.swift in Sources */,
			);
			runOnlyForDeploymentPostprocessing = 0;
		};
/* End PBXSourcesBuildPhase section */

/* Begin PBXTargetDependency section */
		A5D3A4CF2C9B5AA000421592 /* PBXTargetDependency */ = {
			isa = PBXTargetDependency;
			target = A5D3A4B62C9B5A9E00421592 /* SaideepFoodApp */;
			targetProxy = A5D3A4CE2C9B5AA000421592 /* PBXContainerItemProxy */;
		};
		A5D3A4D92C9B5AA000421592 /* PBXTargetDependency */ = {
			isa = PBXTargetDependency;
			target = A5D3A4B62C9B5A9E00421592 /* SaideepFoodApp */;
			targetProxy = A5D3A4D82C9B5AA000421592 /* PBXContainerItemProxy */;
		};
/* End PBXTargetDependency section */

/* Begin PBXVariantGroup section */
		A5D3A4C02C9B5A9E00421592 /* Main.storyboard */ = {
			isa = PBXVariantGroup;
			children = (
				A5D3A4C12C9B5A9E00421592 /* Base */,
			);
			name = Main.storyboard;
			sourceTree = "<group>";
		};
		A5D3A4C52C9B5AA000421592 /* LaunchScreen.storyboard */ = {
			isa = PBXVariantGroup;
			children = (
				A5D3A4C62C9B5AA000421592 /* Base */,
			);
			name = LaunchScreen.storyboard;
			sourceTree = "<group>";
		};
/* End PBXVariantGroup section */

/* Begin XCBuildConfiguration section */
		A5D3A4DF2C9B5AA000421592 /* Debug */ = {
			isa = XCBuildConfiguration;
			buildSettings = {
				ALWAYS_SEARCH_USER_PATHS = NO;
				ASSETCATALOG_COMPILER_GENERATE_SWIFT_ASSET_SYMBOL_EXTENSIONS = YES;
				CLANG_ANALYZER_NONNULL = YES;
				CLANG_ANALYZER_NUMBER_OBJECT_CONVERSION = YES_AGGRESSIVE;
				CLANG_CXX_LANGUAGE_STANDARD = "gnu++20";
				CLANG_ENABLE_MODULES = YES;
				CLANG_ENABLE_OBJC_ARC = YES;
				CLANG_ENABLE_OBJC_WEAK = YES;
				CLANG_WARN_BLOCK_CAPTURE_AUTORELEASING = YES;
				CLANG_WARN_BOOL_CONVERSION = YES;
				CLANG_WARN_COMMA = YES;
				CLANG_WARN_CONSTANT_CONVERSION = YES;
				CLANG_WARN_DEPRECATED_OBJC_IMPLEMENTATIONS = YES;
				CLANG_WARN_DIRECT_OBJC_ISA_USAGE = YES_ERROR;
				CLANG_WARN_DOCUMENTATION_COMMENTS = YES;
				CLANG_WARN_EMPTY_BODY = YES;
				CLANG_WARN_ENUM_CONVERSION = YES;
				CLANG_WARN_INFINITE_RECURSION = YES;
				CLANG_WARN_INT_CONVERSION = YES;
				CLANG_WARN_NON_LITERAL_NULL_CONVERSION = YES;
				CLANG_WARN_OBJC_IMPLICIT_RETAIN_SELF = YES;
				CLANG_WARN_OBJC_LITERAL_CONVERSION = YES;
				CLANG_WARN_OBJC_ROOT_CLASS = YES_ERROR;
				CLANG_WARN_QUOTED_INCLUDE_IN_FRAMEWORK_HEADER = YES;
				CLANG_WARN_RANGE_LOOP_ANALYSIS = YES;
				CLANG_WARN_STRICT_PROTOTYPES = YES;
				CLANG_WARN_SUSPICIOUS_MOVE = YES;
				CLANG_WARN_UNGUARDED_AVAILABILITY = YES_AGGRESSIVE;
				CLANG_WARN_UNREACHABLE_CODE = YES;
				CLANG_WARN__DUPLICATE_METHOD_MATCH = YES;
				COPY_PHASE_STRIP = NO;
				DEBUG_INFORMATION_FORMAT = dwarf;
				ENABLE_STRICT_OBJC_MSGSEND = YES;
				ENABLE_TESTABILITY = YES;
				ENABLE_USER_SCRIPT_SANDBOXING = YES;
				GCC_C_LANGUAGE_STANDARD = gnu17;
				GCC_DYNAMIC_NO_PIC = NO;
				GCC_NO_COMMON_BLOCKS = YES;
				GCC_OPTIMIZATION_LEVEL = 0;
				GCC_PREPROCESSOR_DEFINITIONS = (
					"DEBUG=1",
					"$(inherited)",
				);
				GCC_WARN_64_TO_32_BIT_CONVERSION = YES;
				GCC_WARN_ABOUT_RETURN_TYPE = YES_ERROR;
				GCC_WARN_UNDECLARED_SELECTOR = YES;
				GCC_WARN_UNINITIALIZED_AUTOS = YES_AGGRESSIVE;
				GCC_WARN_UNUSED_FUNCTION = YES;
				GCC_WARN_UNUSED_VARIABLE = YES;
				IPHONEOS_DEPLOYMENT_TARGET = 17.5;
				LOCALIZATION_PREFERS_STRING_CATALOGS = YES;
				MTL_ENABLE_DEBUG_INFO = INCLUDE_SOURCE;
				MTL_FAST_MATH = YES;
				ONLY_ACTIVE_ARCH = YES;
				SDKROOT = iphoneos;
				SWIFT_ACTIVE_COMPILATION_CONDITIONS = "DEBUG $(inherited)";
				SWIFT_OPTIMIZATION_LEVEL = "-Onone";
			};
			name = Debug;
		};
		A5D3A4E02C9B5AA000421592 /* Release */ = {
			isa = XCBuildConfiguration;
			buildSettings = {
				ALWAYS_SEARCH_USER_PATHS = NO;
				ASSETCATALOG_COMPILER_GENERATE_SWIFT_ASSET_SYMBOL_EXTENSIONS = YES;
				CLANG_ANALYZER_NONNULL = YES;
				CLANG_ANALYZER_NUMBER_OBJECT_CONVERSION = YES_AGGRESSIVE;
				CLANG_CXX_LANGUAGE_STANDARD = "gnu++20";
				CLANG_ENABLE_MODULES = YES;
				CLANG_ENABLE_OBJC_ARC = YES;
				CLANG_ENABLE_OBJC_WEAK = YES;
				CLANG_WARN_BLOCK_CAPTURE_AUTORELEASING = YES;
				CLANG_WARN_BOOL_CONVERSION = YES;
				CLANG_WARN_COMMA = YES;
				CLANG_WARN_CONSTANT_CONVERSION = YES;
				CLANG_WARN_DEPRECATED_OBJC_IMPLEMENTATIONS = YES;
				CLANG_WARN_DIRECT_OBJC_ISA_USAGE = YES_ERROR;
				CLANG_WARN_DOCUMENTATION_COMMENTS = YES;
				CLANG_WARN_EMPTY_BODY = YES;
				CLANG_WARN_ENUM_CONVERSION = YES;
				CLANG_WARN_INFINITE_RECURSION = YES;
				CLANG_WARN_INT_CONVERSION = YES;
				CLANG_WARN_NON_LITERAL_NULL_CONVERSION = YES;
				CLANG_WARN_OBJC_IMPLICIT_RETAIN_SELF = YES;
				CLANG_WARN_OBJC_LITERAL_CONVERSION = YES;
				CLANG_WARN_OBJC_ROOT_CLASS = YES_ERROR;
				CLANG_WARN_QUOTED_INCLUDE_IN_FRAMEWORK_HEADER = YES;
				CLANG_WARN_RANGE_LOOP_ANALYSIS = YES;
				CLANG_WARN_STRICT_PROTOTYPES = YES;
				CLANG_WARN_SUSPICIOUS_MOVE = YES;
				CLANG_WARN_UNGUARDED_AVAILABILITY = YES_AGGRESSIVE;
				CLANG_WARN_UNREACHABLE_CODE = YES;
				CLANG_WARN__DUPLICATE_METHOD_MATCH = YES;
				COPY_PHASE_STRIP = NO;
				DEBUG_INFORMATION_FORMAT = "dwarf-with-dsym";
				ENABLE_NS_ASSERTIONS = NO;
				ENABLE_STRICT_OBJC_MSGSEND = YES;
				ENABLE_USER_SCRIPT_SANDBOXING = YES;
				GCC_C_LANGUAGE_STANDARD = gnu17;
				GCC_NO_COMMON_BLOCKS = YES;
				GCC_WARN_64_TO_32_BIT_CONVERSION = YES;
				GCC_WARN_ABOUT_RETURN_TYPE = YES_ERROR;
				GCC_WARN_UNDECLARED_SELECTOR = YES;
				GCC_WARN_UNINITIALIZED_AUTOS = YES_AGGRESSIVE;
				GCC_WARN_UNUSED_FUNCTION = YES;
				GCC_WARN_UNUSED_VARIABLE = YES;
				IPHONEOS_DEPLOYMENT_TARGET = 17.5;
				LOCALIZATION_PREFERS_STRING_CATALOGS = YES;
				MTL_ENABLE_DEBUG_INFO = NO;
				MTL_FAST_MATH = YES;
				SDKROOT = iphoneos;
				SWIFT_COMPILATION_MODE = wholemodule;
				VALIDATE_PRODUCT = YES;
			};
			name = Release;
		};
		A5D3A4E22C9B5AA000421592 /* Debug */ = {
			isa = XCBuildConfiguration;
			buildSettings = {
				ASSETCATALOG_COMPILER_APPICON_NAME = AppIcon;
				ASSETCATALOG_COMPILER_GLOBAL_ACCENT_COLOR_NAME = AccentColor;
				CODE_SIGN_STYLE = Automatic;
				CURRENT_PROJECT_VERSION = 1;
				GENERATE_INFOPLIST_FILE = YES;
				INFOPLIST_FILE = SaideepFoodApp/Info.plist;
				INFOPLIST_KEY_UIApplicationSupportsIndirectInputEvents = YES;
				INFOPLIST_KEY_UILaunchStoryboardName = LaunchScreen;
				INFOPLIST_KEY_UIMainStoryboardFile = Main;
				INFOPLIST_KEY_UISupportedInterfaceOrientations_iPad = "UIInterfaceOrientationPortrait UIInterfaceOrientationPortraitUpsideDown UIInterfaceOrientationLandscapeLeft UIInterfaceOrientationLandscapeRight";
				INFOPLIST_KEY_UISupportedInterfaceOrientations_iPhone = "UIInterfaceOrientationPortrait UIInterfaceOrientationLandscapeLeft UIInterfaceOrientationLandscapeRight";
				LD_RUNPATH_SEARCH_PATHS = (
					"$(inherited)",
					"@executable_path/Frameworks",
				);
				MARKETING_VERSION = 1.0;
				PRODUCT_BUNDLE_IDENTIFIER = com.SaideepFoodApp;
				PRODUCT_NAME = "$(TARGET_NAME)";
				SWIFT_EMIT_LOC_STRINGS = YES;
				SWIFT_VERSION = 5.0;
				TARGETED_DEVICE_FAMILY = "1,2";
			};
			name = Debug;
		};
		A5D3A4E32C9B5AA000421592 /* Release */ = {
			isa = XCBuildConfiguration;
			buildSettings = {
				ASSETCATALOG_COMPILER_APPICON_NAME = AppIcon;
				ASSETCATALOG_COMPILER_GLOBAL_ACCENT_COLOR_NAME = AccentColor;
				CODE_SIGN_STYLE = Automatic;
				CURRENT_PROJECT_VERSION = 1;
				GENERATE_INFOPLIST_FILE = YES;
				INFOPLIST_FILE = SaideepFoodApp/Info.plist;
				INFOPLIST_KEY_UIApplicationSupportsIndirectInputEvents = YES;
				INFOPLIST_KEY_UILaunchStoryboardName = LaunchScreen;
				INFOPLIST_KEY_UIMainStoryboardFile = Main;
				INFOPLIST_KEY_UISupportedInterfaceOrientations_iPad = "UIInterfaceOrientationPortrait UIInterfaceOrientationPortraitUpsideDown UIInterfaceOrientationLandscapeLeft UIInterfaceOrientationLandscapeRight";
				INFOPLIST_KEY_UISupportedInterfaceOrientations_iPhone = "UIInterfaceOrientationPortrait UIInterfaceOrientationLandscapeLeft UIInterfaceOrientationLandscapeRight";
				LD_RUNPATH_SEARCH_PATHS = (
					"$(inherited)",
					"@executable_path/Frameworks",
				);
				MARKETING_VERSION = 1.0;
				PRODUCT_BUNDLE_IDENTIFIER = com.SaideepFoodApp;
				PRODUCT_NAME = "$(TARGET_NAME)";
				SWIFT_EMIT_LOC_STRINGS = YES;
				SWIFT_VERSION = 5.0;
				TARGETED_DEVICE_FAMILY = "1,2";
			};
			name = Release;
		};
		A5D3A4E52C9B5AA000421592 /* Debug */ = {
			isa = XCBuildConfiguration;
			buildSettings = {
				ALWAYS_EMBED_SWIFT_STANDARD_LIBRARIES = YES;
				BUNDLE_LOADER = "$(TEST_HOST)";
				CODE_SIGN_STYLE = Automatic;
				CURRENT_PROJECT_VERSION = 1;
				GENERATE_INFOPLIST_FILE = YES;
				IPHONEOS_DEPLOYMENT_TARGET = 17.5;
				MARKETING_VERSION = 1.0;
				PRODUCT_BUNDLE_IDENTIFIER = com.SaideepFoodAppTests;
				PRODUCT_NAME = "$(TARGET_NAME)";
				SWIFT_EMIT_LOC_STRINGS = NO;
				SWIFT_VERSION = 5.0;
				TARGETED_DEVICE_FAMILY = "1,2";
				TEST_HOST = "$(BUILT_PRODUCTS_DIR)/SaideepFoodApp.app/$(BUNDLE_EXECUTABLE_FOLDER_PATH)/SaideepFoodApp";
			};
			name = Debug;
		};
		A5D3A4E62C9B5AA000421592 /* Release */ = {
			isa = XCBuildConfiguration;
			buildSettings = {
				ALWAYS_EMBED_SWIFT_STANDARD_LIBRARIES = YES;
				BUNDLE_LOADER = "$(TEST_HOST)";
				CODE_SIGN_STYLE = Automatic;
				CURRENT_PROJECT_VERSION = 1;
				GENERATE_INFOPLIST_FILE = YES;
				IPHONEOS_DEPLOYMENT_TARGET = 17.5;
				MARKETING_VERSION = 1.0;
				PRODUCT_BUNDLE_IDENTIFIER = com.SaideepFoodAppTests;
				PRODUCT_NAME = "$(TARGET_NAME)";
				SWIFT_EMIT_LOC_STRINGS = NO;
				SWIFT_VERSION = 5.0;
				TARGETED_DEVICE_FAMILY = "1,2";
				TEST_HOST = "$(BUILT_PRODUCTS_DIR)/SaideepFoodApp.app/$(BUNDLE_EXECUTABLE_FOLDER_PATH)/SaideepFoodApp";
			};
			name = Release;
		};
		A5D3A4E82C9B5AA000421592 /* Debug */ = {
			isa = XCBuildConfiguration;
			buildSettings = {
				ALWAYS_EMBED_SWIFT_STANDARD_LIBRARIES = YES;
				CODE_SIGN_STYLE = Automatic;
				CURRENT_PROJECT_VERSION = 1;
				GENERATE_INFOPLIST_FILE = YES;
				MARKETING_VERSION = 1.0;
				PRODUCT_BUNDLE_IDENTIFIER = com.SaideepFoodAppUITests;
				PRODUCT_NAME = "$(TARGET_NAME)";
				SWIFT_EMIT_LOC_STRINGS = NO;
				SWIFT_VERSION = 5.0;
				TARGETED_DEVICE_FAMILY = "1,2";
				TEST_TARGET_NAME = SaideepFoodApp;
			};
			name = Debug;
		};
		A5D3A4E92C9B5AA000421592 /* Release */ = {
			isa = XCBuildConfiguration;
			buildSettings = {
				ALWAYS_EMBED_SWIFT_STANDARD_LIBRARIES = YES;
				CODE_SIGN_STYLE = Automatic;
				CURRENT_PROJECT_VERSION = 1;
				GENERATE_INFOPLIST_FILE = YES;
				MARKETING_VERSION = 1.0;
				PRODUCT_BUNDLE_IDENTIFIER = com.SaideepFoodAppUITests;
				PRODUCT_NAME = "$(TARGET_NAME)";
				SWIFT_EMIT_LOC_STRINGS = NO;
				SWIFT_VERSION = 5.0;
				TARGETED_DEVICE_FAMILY = "1,2";
				TEST_TARGET_NAME = SaideepFoodApp;
			};
			name = Release;
		};
/* End XCBuildConfiguration section */

/* Begin XCConfigurationList section */
		A5D3A4B22C9B5A9E00421592 /* Build configuration list for PBXProject "SaideepFoodApp" */ = {
			isa = XCConfigurationList;
			buildConfigurations = (
				A5D3A4DF2C9B5AA000421592 /* Debug */,
				A5D3A4E02C9B5AA000421592 /* Release */,
			);
			defaultConfigurationIsVisible = 0;
			defaultConfigurationName = Release;
		};
		A5D3A4E12C9B5AA000421592 /* Build configuration list for PBXNativeTarget "SaideepFoodApp" */ = {
			isa = XCConfigurationList;
			buildConfigurations = (
				A5D3A4E22C9B5AA000421592 /* Debug */,
				A5D3A4E32C9B5AA000421592 /* Release */,
			);
			defaultConfigurationIsVisible = 0;
			defaultConfigurationName = Release;
		};
		A5D3A4E42C9B5AA000421592 /* Build configuration list for PBXNativeTarget "SaideepFoodAppTests" */ = {
			isa = XCConfigurationList;
			buildConfigurations = (
				A5D3A4E52C9B5AA000421592 /* Debug */,
				A5D3A4E62C9B5AA000421592 /* Release */,
			);
			defaultConfigurationIsVisible = 0;
			defaultConfigurationName = Release;
		};
		A5D3A4E72C9B5AA000421592 /* Build configuration list for PBXNativeTarget "SaideepFoodAppUITests" */ = {
			isa = XCConfigurationList;
			buildConfigurations = (
				A5D3A4E82C9B5AA000421592 /* Debug */,
				A5D3A4E92C9B5AA000421592 /* Release */,
			);
			defaultConfigurationIsVisible = 0;
			defaultConfigurationName = Release;
		};
/* End XCConfigurationList section */

/* Begin XCRemoteSwiftPackageReference section */
		A57D73822C9C834C00852295 /* XCRemoteSwiftPackageReference "Kingfisher" */ = {
			isa = XCRemoteSwiftPackageReference;
			repositoryURL = "https://github.com/onevcat/Kingfisher.git";
			requirement = {
				kind = upToNextMajorVersion;
				minimumVersion = 8.0.1;
			};
		};
/* End XCRemoteSwiftPackageReference section */

/* Begin XCSwiftPackageProductDependency section */
		A57D73842C9C836C00852295 /* Kingfisher */ = {
			isa = XCSwiftPackageProductDependency;
			package = A57D73822C9C834C00852295 /* XCRemoteSwiftPackageReference "Kingfisher" */;
			productName = Kingfisher;
		};
/* End XCSwiftPackageProductDependency section */
	};
	rootObject = A5D3A4AF2C9B5A9E00421592 /* Project object */;
}
